
Microsoft Visual Studio Solution File, Format Version 12.00
# Visual Studio Version 16
VisualStudioVersion = 16.0.29025.244
MinimumVisualStudioVersion = 10.0.40219.1
Project("{FAE04EC0-301F-11D3-BF4B-00C04F79EFBC}") = "WebApplication1", "WebApplication1.csproj", "{443C4DAA-D839-44B8-801D-AE330C297BD3}"
EndProject
Global
	GlobalSection(SolutionConfigurationPlatforms) = preSolution
		Debug|Any CPU = Debug|Any CPU
		Release|Any CPU = Release|Any CPU
	EndGlobalSection
	GlobalSection(ProjectConfigurationPlatforms) = postSolution
		{443C4DAA-D839-44B8-801D-AE330C297BD3}.Debug|Any CPU.ActiveCfg = Debug|Any CPU
		{443C4DAA-D839-44B8-801D-AE330C297BD3}.Debug|Any CPU.Build.0 = Debug|Any CPU
		{443C4DAA-D839-44B8-801D-AE330C297BD3}.Release|Any CPU.ActiveCfg = Release|Any CPU
		{443C4DAA-D839-44B8-801D-AE330C297BD3}.Release|Any CPU.Build.0 = Release|Any CPU
	EndGlobalSection
	GlobalSection(SolutionProperties) = preSolution
		HideSolutionNode = FALSE
	EndGlobalSection
	GlobalSection(ExtensibilityGlobals) = postSolution
		SolutionGuid = {0A976B32-E5D4-47DB-9F79-6869206B37CB}
	EndGlobalSection
EndGlobal
